
Microsoft Visual Studio Solution File, Format Version 12.00
# Visual Studio Version 17
VisualStudioVersion = 17.6.33723.286
MinimumVisualStudioVersion = 10.0.40219.1
Project("{FAE04EC0-301F-11D3-BF4B-00C04F79EFBC}") = "az204-blob", "az204-blob\az204-blob.csproj", "{BB013E17-8427-46F4-A07C-7E9F7F8C64C3}"
EndProject
Global
	GlobalSection(SolutionConfigurationPlatforms) = preSolution
		Debug|Any CPU = Debug|Any CPU
		Release|Any CPU = Release|Any CPU
	EndGlobalSection
	GlobalSection(ProjectConfigurationPlatforms) = postSolution
		{BB013E17-8427-46F4-A07C-7E9F7F8C64C3}.Debug|Any CPU.ActiveCfg = Debug|Any CPU
		{BB013E17-8427-46F4-A07C-7E9F7F8C64C3}.Debug|Any CPU.Build.0 = Debug|Any CPU
		{BB013E17-8427-46F4-A07C-7E9F7F8C64C3}.Release|Any CPU.ActiveCfg = Release|Any CPU
		{BB013E17-8427-46F4-A07C-7E9F7F8C64C3}.Release|Any CPU.Build.0 = Release|Any CPU
	EndGlobalSection
	GlobalSection(SolutionProperties) = preSolution
		HideSolutionNode = FALSE
	EndGlobalSection
	GlobalSection(ExtensibilityGlobals) = postSolution
		SolutionGuid = {A75C57B5-7FFE-4244-90CC-D8AA3E310A1A}
	EndGlobalSection
EndGlobal
